
Microsoft Visual Studio Solution File, Format Version 12.00
# Visual Studio Version 16
VisualStudioVersion = 16.0.30503.244
MinimumVisualStudioVersion = 10.0.40219.1
Project("{9A19103F-16F7-4668-BE54-9A1E7A4F7556}") = "UdemyNLayerProject.API", "UdemyNLayerProject.API\UdemyNLayerProject.API.csproj", "{1FC1B4B1-500D-4786-9182-9A5644D69CDC}"
EndProject
Project("{9A19103F-16F7-4668-BE54-9A1E7A4F7556}") = "UdemyNLayerProject.Core", "UdemyNLayerProject.Core\UdemyNLayerProject.Core.csproj", "{6C7B5557-715C-4775-A751-913D90242CC7}"
EndProject
Project("{9A19103F-16F7-4668-BE54-9A1E7A4F7556}") = "UdemyNLayerProject.Data", "UdemyNLayerProject.Data\UdemyNLayerProject.Data.csproj", "{22F9B238-B9B7-434E-86F1-282C1424F73F}"
EndProject
Project("{9A19103F-16F7-4668-BE54-9A1E7A4F7556}") = "UdemyNLayerProject.Service", "UdemyNLayerProject.Service\UdemyNLayerProject.Service.csproj", "{21639928-AEEB-4037-9F0E-F8AB2B379FC2}"
EndProject
Project("{FAE04EC0-301F-11D3-BF4B-00C04F79EFBC}") = "UdemyNLayerProject.Web", "UdemyNLayerProject.Web\UdemyNLayerProject.Web.csproj", "{041A7C1C-D352-476D-A735-04276A8C8789}"
EndProject
Global
	GlobalSection(SolutionConfigurationPlatforms) = preSolution
		Debug|Any CPU = Debug|Any CPU
		Release|Any CPU = Release|Any CPU
	EndGlobalSection
	GlobalSection(ProjectConfigurationPlatforms) = postSolution
		{1FC1B4B1-500D-4786-9182-9A5644D69CDC}.Debug|Any CPU.ActiveCfg = Debug|Any CPU
		{1FC1B4B1-500D-4786-9182-9A5644D69CDC}.Debug|Any CPU.Build.0 = Debug|Any CPU
		{1FC1B4B1-500D-4786-9182-9A5644D69CDC}.Release|Any CPU.ActiveCfg = Release|Any CPU
		{1FC1B4B1-500D-4786-9182-9A5644D69CDC}.Release|Any CPU.Build.0 = Release|Any CPU
		{6C7B5557-715C-4775-A751-913D90242CC7}.Debug|Any CPU.ActiveCfg = Debug|Any CPU
		{6C7B5557-715C-4775-A751-913D90242CC7}.Debug|Any CPU.Build.0 = Debug|Any CPU
		{6C7B5557-715C-4775-A751-913D90242CC7}.Release|Any CPU.ActiveCfg = Release|Any CPU
		{6C7B5557-715C-4775-A751-913D90242CC7}.Release|Any CPU.Build.0 = Release|Any CPU
		{22F9B238-B9B7-434E-86F1-282C1424F73F}.Debug|Any CPU.ActiveCfg = Debug|Any CPU
		{22F9B238-B9B7-434E-86F1-282C1424F73F}.Debug|Any CPU.Build.0 = Debug|Any CPU
		{22F9B238-B9B7-434E-86F1-282C1424F73F}.Release|Any CPU.ActiveCfg = Release|Any CPU
		{22F9B238-B9B7-434E-86F1-282C1424F73F}.Release|Any CPU.Build.0 = Release|Any CPU
		{21639928-AEEB-4037-9F0E-F8AB2B379FC2}.Debug|Any CPU.ActiveCfg = Debug|Any CPU
		{21639928-AEEB-4037-9F0E-F8AB2B379FC2}.Debug|Any CPU.Build.0 = Debug|Any CPU
		{21639928-AEEB-4037-9F0E-F8AB2B379FC2}.Release|Any CPU.ActiveCfg = Release|Any CPU
		{21639928-AEEB-4037-9F0E-F8AB2B379FC2}.Release|Any CPU.Build.0 = Release|Any CPU
		{041A7C1C-D352-476D-A735-04276A8C8789}.Debug|Any CPU.ActiveCfg = Debug|Any CPU
		{041A7C1C-D352-476D-A735-04276A8C8789}.Debug|Any CPU.Build.0 = Debug|Any CPU
		{041A7C1C-D352-476D-A735-04276A8C8789}.Release|Any CPU.ActiveCfg = Release|Any CPU
		{041A7C1C-D352-476D-A735-04276A8C8789}.Release|Any CPU.Build.0 = Release|Any CPU
	EndGlobalSection
	GlobalSection(SolutionProperties) = preSolution
		HideSolutionNode = FALSE
	EndGlobalSection
	GlobalSection(ExtensibilityGlobals) = postSolution
		SolutionGuid = {5D6F1779-2DBB-484C-A3A0-639E11D756B8}
	EndGlobalSection
EndGlobal
